github.com/glycerine/go-capnproto v0.0.0-20190118050403-2d07de3aa7fc h1:n3B+IEq6eyDBQEDkWQRu2YLBQgoDFxFaYwZVJ7JZsYE=
github.com/glycerine/go-capnproto v0.0.0-20190118050403-2d07de3aa7fc/go.mod h1:m3T7EePpPioSh7P8N3aSNn/4t4TuXYhnJxQF3KXAbSg=
github.com/glycerine/goconvey v0.0.0-20190410193231-58a59202ab31 h1:gclg6gY70GLy3PbkQ1AERPfmLMMagS60DKF78eWwLn8=
github.com/glycerine/goconvey v0.0.0-20190410193231-58a59202ab31/go.mod h1:Ogl1Tioa0aV7gstGFO7KhffUsb9M4ydbEbbxpcEDc24=
github.com/glycerine/rbtree v0.0.0-20190406191118-ceb71889d809 h1:wBr8MeUUS+Xi4oweFspffWBlDw8s1rGmRBwM4fUjxrc=
github.com/glycerine/rbtree v0.0.0-20190406191118-ceb71889d809/go.mod h1:tf1G9WLJXoNEQ5TWYvCSkqsOepuCNCJebECwJ/B/64I=
github.com/jtolds/gls v4.20.0+incompatible h1:xdiiI2gbIgH/gLH7ADydsJ1uDOEzR8yvV7C0MuV77Wo=
github.com/jtolds/gls v4.20.0+incompatible/go.mod h1:QJZ7F/aHp+rZTRtaJ1ow/lLfFfVYBRgL+9YlvaHOwJU=
